
Microsoft Visual Studio Solution File, Format Version 12.00
# Visual Studio 15
VisualStudioVersion = 15.0.28010.2019
MinimumVisualStudioVersion = 10.0.40219.1
Project("{9A19103F-16F7-4668-BE54-9A1E7A4F7556}") = "CFT.API", "CFT.API\CFT.API.csproj", "{E47C9662-5B9C-44A4-AD19-86DEB1007F53}"
EndProject
Project("{9A19103F-16F7-4668-BE54-9A1E7A4F7556}") = "CFT.Tests", "CFT.Tests\CFT.Tests.csproj", "{FA9EB927-FA9E-4612-88A0-56BB105E1497}"
EndProject
Global
	GlobalSection(SolutionConfigurationPlatforms) = preSolution
		Debug|Any CPU = Debug|Any CPU
		Release|Any CPU = Release|Any CPU
	EndGlobalSection
	GlobalSection(ProjectConfigurationPlatforms) = postSolution
		{E47C9662-5B9C-44A4-AD19-86DEB1007F53}.Debug|Any CPU.ActiveCfg = Debug|Any CPU
		{E47C9662-5B9C-44A4-AD19-86DEB1007F53}.Debug|Any CPU.Build.0 = Debug|Any CPU
		{E47C9662-5B9C-44A4-AD19-86DEB1007F53}.Release|Any CPU.ActiveCfg = Release|Any CPU
		{E47C9662-5B9C-44A4-AD19-86DEB1007F53}.Release|Any CPU.Build.0 = Release|Any CPU
		{FA9EB927-FA9E-4612-88A0-56BB105E1497}.Debug|Any CPU.ActiveCfg = Debug|Any CPU
		{FA9EB927-FA9E-4612-88A0-56BB105E1497}.Debug|Any CPU.Build.0 = Debug|Any CPU
		{FA9EB927-FA9E-4612-88A0-56BB105E1497}.Release|Any CPU.ActiveCfg = Release|Any CPU
		{FA9EB927-FA9E-4612-88A0-56BB105E1497}.Release|Any CPU.Build.0 = Release|Any CPU
	EndGlobalSection
	GlobalSection(SolutionProperties) = preSolution
		HideSolutionNode = FALSE
	EndGlobalSection
	GlobalSection(ExtensibilityGlobals) = postSolution
		SolutionGuid = {BA2EE1AF-4B0A-4070-B0E7-6D395C23CEB3}
	EndGlobalSection
EndGlobal
